
Microsoft Visual Studio Solution File, Format Version 12.00
# Visual Studio 2013
VisualStudioVersion = 12.0.30110.0
MinimumVisualStudioVersion = 10.0.40219.1
Project("{8BC9CEB8-8B4A-11D0-8D11-00A0C91BC942}") = "Notepad2048", "Notepad2048\Notepad2048.vcxproj", "{102E0C99-A439-4DF3-95FD-3906A31A0FB1}"
EndProject
Project("{8BC9CEB8-8B4A-11D0-8D11-00A0C91BC942}") = "Notepad2048_DLL", "Notepad2048_DLL\Notepad2048_DLL.vcxproj", "{C170AF6F-6181-41C2-9579-D9160FC9ABEC}"
EndProject
Global
	GlobalSection(SolutionConfigurationPlatforms) = preSolution
		Debug|Win32 = Debug|Win32
		Release|Win32 = Release|Win32
	EndGlobalSection
	GlobalSection(ProjectConfigurationPlatforms) = postSolution
		{102E0C99-A439-4DF3-95FD-3906A31A0FB1}.Debug|Win32.ActiveCfg = Debug|Win32
		{102E0C99-A439-4DF3-95FD-3906A31A0FB1}.Debug|Win32.Build.0 = Debug|Win32
		{102E0C99-A439-4DF3-95FD-3906A31A0FB1}.Release|Win32.ActiveCfg = Release|Win32
		{102E0C99-A439-4DF3-95FD-3906A31A0FB1}.Release|Win32.Build.0 = Release|Win32
		{C170AF6F-6181-41C2-9579-D9160FC9ABEC}.Debug|Win32.ActiveCfg = Debug|Win32
		{C170AF6F-6181-41C2-9579-D9160FC9ABEC}.Debug|Win32.Build.0 = Debug|Win32
		{C170AF6F-6181-41C2-9579-D9160FC9ABEC}.Release|Win32.ActiveCfg = Release|Win32
		{C170AF6F-6181-41C2-9579-D9160FC9ABEC}.Release|Win32.Build.0 = Release|Win32
	EndGlobalSection
	GlobalSection(SolutionProperties) = preSolution
		HideSolutionNode = FALSE
	EndGlobalSection
EndGlobal
